
Microsoft Visual Studio Solution File, Format Version 12.00
# Visual Studio Version 17
VisualStudioVersion = 17.10.35122.118
MinimumVisualStudioVersion = 10.0.40219.1
Project("{FAE04EC0-301F-11D3-BF4B-00C04F79EFBC}") = "homework_5", "homework_5\homework_5.csproj", "{3E4AC822-C062-44C7-8041-1DF557F6D11E}"
EndProject
Project("{FAE04EC0-301F-11D3-BF4B-00C04F79EFBC}") = "task_1", "task_1\task_1.csproj", "{FE37D43F-78C5-4D67-B7A8-49A6B939179A}"
EndProject
Project("{FAE04EC0-301F-11D3-BF4B-00C04F79EFBC}") = "task_2", "task_2\task_2.csproj", "{0EDC2FB5-84CE-405E-B0AB-49D9A1D029E2}"
EndProject
Global
	GlobalSection(SolutionConfigurationPlatforms) = preSolution
		Debug|Any CPU = Debug|Any CPU
		Release|Any CPU = Release|Any CPU
	EndGlobalSection
	GlobalSection(ProjectConfigurationPlatforms) = postSolution
		{3E4AC822-C062-44C7-8041-1DF557F6D11E}.Debug|Any CPU.ActiveCfg = Debug|Any CPU
		{3E4AC822-C062-44C7-8041-1DF557F6D11E}.Debug|Any CPU.Build.0 = Debug|Any CPU
		{3E4AC822-C062-44C7-8041-1DF557F6D11E}.Release|Any CPU.ActiveCfg = Release|Any CPU
		{3E4AC822-C062-44C7-8041-1DF557F6D11E}.Release|Any CPU.Build.0 = Release|Any CPU
		{FE37D43F-78C5-4D67-B7A8-49A6B939179A}.Debug|Any CPU.ActiveCfg = Debug|Any CPU
		{FE37D43F-78C5-4D67-B7A8-49A6B939179A}.Debug|Any CPU.Build.0 = Debug|Any CPU
		{FE37D43F-78C5-4D67-B7A8-49A6B939179A}.Release|Any CPU.ActiveCfg = Release|Any CPU
		{FE37D43F-78C5-4D67-B7A8-49A6B939179A}.Release|Any CPU.Build.0 = Release|Any CPU
		{0EDC2FB5-84CE-405E-B0AB-49D9A1D029E2}.Debug|Any CPU.ActiveCfg = Debug|Any CPU
		{0EDC2FB5-84CE-405E-B0AB-49D9A1D029E2}.Debug|Any CPU.Build.0 = Debug|Any CPU
		{0EDC2FB5-84CE-405E-B0AB-49D9A1D029E2}.Release|Any CPU.ActiveCfg = Release|Any CPU
		{0EDC2FB5-84CE-405E-B0AB-49D9A1D029E2}.Release|Any CPU.Build.0 = Release|Any CPU
	EndGlobalSection
	GlobalSection(SolutionProperties) = preSolution
		HideSolutionNode = FALSE
	EndGlobalSection
	GlobalSection(ExtensibilityGlobals) = postSolution
		SolutionGuid = {1EEA1680-7795-4166-906C-1ACE3A05EBCE}
	EndGlobalSection
EndGlobal
