
Microsoft Visual Studio Solution File, Format Version 12.00
# Visual Studio Version 17
VisualStudioVersion = 17.10.35122.118
MinimumVisualStudioVersion = 10.0.40219.1
Project("{FAE04EC0-301F-11D3-BF4B-00C04F79EFBC}") = "homework_5", "homework_5.csproj", "{D028BD2D-8136-4F31-9134-40BA53018B86}"
EndProject
Project("{FAE04EC0-301F-11D3-BF4B-00C04F79EFBC}") = "task_1", "..\task_1\task_1.csproj", "{5D445F37-4108-4563-A419-D2EB0F79BC91}"
EndProject
Project("{FAE04EC0-301F-11D3-BF4B-00C04F79EFBC}") = "task_2", "..\task_2\task_2.csproj", "{B2BED196-C949-4A6A-9C6A-9D63B9EBF186}"
EndProject
Global
	GlobalSection(SolutionConfigurationPlatforms) = preSolution
		Debug|Any CPU = Debug|Any CPU
		Release|Any CPU = Release|Any CPU
	EndGlobalSection
	GlobalSection(ProjectConfigurationPlatforms) = postSolution
		{D028BD2D-8136-4F31-9134-40BA53018B86}.Debug|Any CPU.ActiveCfg = Debug|Any CPU
		{D028BD2D-8136-4F31-9134-40BA53018B86}.Debug|Any CPU.Build.0 = Debug|Any CPU
		{D028BD2D-8136-4F31-9134-40BA53018B86}.Release|Any CPU.ActiveCfg = Release|Any CPU
		{D028BD2D-8136-4F31-9134-40BA53018B86}.Release|Any CPU.Build.0 = Release|Any CPU
		{5D445F37-4108-4563-A419-D2EB0F79BC91}.Debug|Any CPU.ActiveCfg = Debug|Any CPU
		{5D445F37-4108-4563-A419-D2EB0F79BC91}.Debug|Any CPU.Build.0 = Debug|Any CPU
		{5D445F37-4108-4563-A419-D2EB0F79BC91}.Release|Any CPU.ActiveCfg = Release|Any CPU
		{5D445F37-4108-4563-A419-D2EB0F79BC91}.Release|Any CPU.Build.0 = Release|Any CPU
		{B2BED196-C949-4A6A-9C6A-9D63B9EBF186}.Debug|Any CPU.ActiveCfg = Debug|Any CPU
		{B2BED196-C949-4A6A-9C6A-9D63B9EBF186}.Debug|Any CPU.Build.0 = Debug|Any CPU
		{B2BED196-C949-4A6A-9C6A-9D63B9EBF186}.Release|Any CPU.ActiveCfg = Release|Any CPU
		{B2BED196-C949-4A6A-9C6A-9D63B9EBF186}.Release|Any CPU.Build.0 = Release|Any CPU
	EndGlobalSection
	GlobalSection(SolutionProperties) = preSolution
		HideSolutionNode = FALSE
	EndGlobalSection
	GlobalSection(ExtensibilityGlobals) = postSolution
		SolutionGuid = {7DE79EEB-ACE5-4719-A613-D8509FD9EA46}
	EndGlobalSection
EndGlobal
