
Microsoft Visual Studio Solution File, Format Version 12.00
# Visual Studio Version 17
VisualStudioVersion = 17.10.35027.167
MinimumVisualStudioVersion = 10.0.40219.1
Project("{FAE04EC0-301F-11D3-BF4B-00C04F79EFBC}") = "ConsoleApp3", "ConsoleApp3\ConsoleApp3.csproj", "{DBE4E567-75A2-4C4B-90BE-6DD1EBD15D04}"
EndProject
Global
	GlobalSection(SolutionConfigurationPlatforms) = preSolution
		Debug|Any CPU = Debug|Any CPU
		Release|Any CPU = Release|Any CPU
	EndGlobalSection
	GlobalSection(ProjectConfigurationPlatforms) = postSolution
		{DBE4E567-75A2-4C4B-90BE-6DD1EBD15D04}.Debug|Any CPU.ActiveCfg = Debug|Any CPU
		{DBE4E567-75A2-4C4B-90BE-6DD1EBD15D04}.Debug|Any CPU.Build.0 = Debug|Any CPU
		{DBE4E567-75A2-4C4B-90BE-6DD1EBD15D04}.Release|Any CPU.ActiveCfg = Release|Any CPU
		{DBE4E567-75A2-4C4B-90BE-6DD1EBD15D04}.Release|Any CPU.Build.0 = Release|Any CPU
	EndGlobalSection
	GlobalSection(SolutionProperties) = preSolution
		HideSolutionNode = FALSE
	EndGlobalSection
	GlobalSection(ExtensibilityGlobals) = postSolution
		SolutionGuid = {E1388C01-5925-4EC0-B066-E1249F7C4F79}
	EndGlobalSection
EndGlobal
