
Microsoft Visual Studio Solution File, Format Version 12.00
# Visual Studio Version 17
VisualStudioVersion = 17.10.35027.167
MinimumVisualStudioVersion = 10.0.40219.1
Project("{FAE04EC0-301F-11D3-BF4B-00C04F79EFBC}") = "homework_1", "homework_1\homework_1.csproj", "{FCBCD038-FB7F-4085-B4F5-6745D71B4C56}"
EndProject
Global
	GlobalSection(SolutionConfigurationPlatforms) = preSolution
		Debug|Any CPU = Debug|Any CPU
		Release|Any CPU = Release|Any CPU
	EndGlobalSection
	GlobalSection(ProjectConfigurationPlatforms) = postSolution
		{FCBCD038-FB7F-4085-B4F5-6745D71B4C56}.Debug|Any CPU.ActiveCfg = Debug|Any CPU
		{FCBCD038-FB7F-4085-B4F5-6745D71B4C56}.Debug|Any CPU.Build.0 = Debug|Any CPU
		{FCBCD038-FB7F-4085-B4F5-6745D71B4C56}.Release|Any CPU.ActiveCfg = Release|Any CPU
		{FCBCD038-FB7F-4085-B4F5-6745D71B4C56}.Release|Any CPU.Build.0 = Release|Any CPU
	EndGlobalSection
	GlobalSection(SolutionProperties) = preSolution
		HideSolutionNode = FALSE
	EndGlobalSection
	GlobalSection(ExtensibilityGlobals) = postSolution
		SolutionGuid = {B0D91BCD-32D9-4C15-A4E7-85F4B0F2787E}
	EndGlobalSection
EndGlobal
